// !$*UTF8*$!
{
	archiveVersion = 1;
	classes = {
	};
	objectVersion = 77;
	objects = {

/* Begin PBXContainerItemProxy section */
		3A1EB4622D720B9600D70953 /* PBXContainerItemProxy */ = {
			isa = PBXContainerItemProxy;
			containerPortal = 3A1EB4472D720B9500D70953 /* Project object */;
			proxyType = 1;
			remoteGlobalIDString = 3A1EB44E2D720B9500D70953;
			remoteInfo = GIT_BOXING;
		};
		3A1EB46C2D720B9600D70953 /* PBXContainerItemProxy */ = {
			isa = PBXContainerItemProxy;
			containerPortal = 3A1EB4472D720B9500D70953 /* Project object */;
			proxyType = 1;
			remoteGlobalIDString = 3A1EB44E2D720B9500D70953;
			remoteInfo = GIT_BOXING;
		};
/* End PBXContainerItemProxy section */

/* Begin PBXFileReference section */
		3A1EB44F2D720B9500D70953 /* GIT_BOXING.app */ = {isa = PBXFileReference; explicitFileType = wrapper.application; includeInIndex = 0; path = GIT_BOXING.app; sourceTree = BUILT_PRODUCTS_DIR; };
		3A1EB4612D720B9600D70953 /* GIT_BOXINGTests.xctest */ = {isa = PBXFileReference; explicitFileType = wrapper.cfbundle; includeInIndex = 0; path = GIT_BOXINGTests.xctest; sourceTree = BUILT_PRODUCTS_DIR; };
		3A1EB46B2D720B9600D70953 /* GIT_BOXINGUITests.xctest */ = {isa = PBXFileReference; explicitFileType = wrapper.cfbundle; includeInIndex = 0; path = GIT_BOXINGUITests.xctest; sourceTree = BUILT_PRODUCTS_DIR; };
/* End PBXFileReference section */

/* Begin PBXFileSystemSynchronizedRootGroup section */
		3A1EB4512D720B9500D70953 /* GIT_BOXING */ = {
			isa = PBXFileSystemSynchronizedRootGroup;
			path = GIT_BOXING;
			sourceTree = "<group>";
		};
		3A1EB4642D720B9600D70953 /* GIT_BOXINGTests */ = {
			isa = PBXFileSystemSynchronizedRootGroup;
			path = GIT_BOXINGTests;
			sourceTree = "<group>";
		};
		3A1EB46E2D720B9600D70953 /* GIT_BOXINGUITests */ = {
			isa = PBXFileSystemSynchronizedRootGroup;
			path = GIT_BOXINGUITests;
			sourceTree = "<group>";
		};
/* End PBXFileSystemSynchronizedRootGroup section */

/* Begin PBXFrameworksBuildPhase section */
		3A1EB44C2D720B9500D70953 /* Frameworks */ = {
			isa = PBXFrameworksBuildPhase;
			buildActionMask = 2147483647;
			files = (
			);
			runOnlyForDeploymentPostprocessing = 0;
		};
		3A1EB45E2D720B9600D70953 /* Frameworks */ = {
			isa = PBXFrameworksBuildPhase;
			buildActionMask = 2147483647;
			files = (
			);
			runOnlyForDeploymentPostprocessing = 0;
		};
		3A1EB4682D720B9600D70953 /* Frameworks */ = {
			isa = PBXFrameworksBuildPhase;
			buildActionMask = 2147483647;
			files = (
			);
			runOnlyForDeploymentPostprocessing = 0;
		};
/* End PBXFrameworksBuildPhase section */

/* Begin PBXGroup section */
		3A1EB4462D720B9500D70953 = {
			isa = PBXGroup;
			children = (
				3A1EB4512D720B9500D70953 /* GIT_BOXING */,
				3A1EB4642D720B9600D70953 /* GIT_BOXINGTests */,
				3A1EB46E2D720B9600D70953 /* GIT_BOXINGUITests */,
				3A1EB4502D720B9500D70953 /* Products */,
			);
			sourceTree = "<group>";
		};
		3A1EB4502D720B9500D70953 /* Products */ = {
			isa = PBXGroup;
			children = (
				3A1EB44F2D720B9500D70953 /* GIT_BOXING.app */,
				3A1EB4612D720B9600D70953 /* GIT_BOXINGTests.xctest */,
				3A1EB46B2D720B9600D70953 /* GIT_BOXINGUITests.xctest */,
			);
			name = Products;
			sourceTree = "<group>";
		};
/* End PBXGroup section */

/* Begin PBXNativeTarget section */
		3A1EB44E2D720B9500D70953 /* GIT_BOXING */ = {
			isa = PBXNativeTarget;
			buildConfigurationList = 3A1EB4752D720B9600D70953 /* Build configuration list for PBXNativeTarget "GIT_BOXING" */;
			buildPhases = (
				3A1EB44B2D720B9500D70953 /* Sources */,
				3A1EB44C2D720B9500D70953 /* Frameworks */,
				3A1EB44D2D720B9500D70953 /* Resources */,
			);
			buildRules = (
			);
			dependencies = (
			);
			fileSystemSynchronizedGroups = (
				3A1EB4512D720B9500D70953 /* GIT_BOXING */,
			);
			name = GIT_BOXING;
			packageProductDependencies = (
			);
			productName = GIT_BOXING;
			productReference = 3A1EB44F2D720B9500D70953 /* GIT_BOXING.app */;
			productType = "com.apple.product-type.application";
		};
		3A1EB4602D720B9600D70953 /* GIT_BOXINGTests */ = {
			isa = PBXNativeTarget;
			buildConfigurationList = 3A1EB4782D720B9600D70953 /* Build configuration list for PBXNativeTarget "GIT_BOXINGTests" */;
			buildPhases = (
				3A1EB45D2D720B9600D70953 /* Sources */,
				3A1EB45E2D720B9600D70953 /* Frameworks */,
				3A1EB45F2D720B9600D70953 /* Resources */,
			);
			buildRules = (
			);
			dependencies = (
				3A1EB4632D720B9600D70953 /* PBXTargetDependency */,
			);
			fileSystemSynchronizedGroups = (
				3A1EB4642D720B9600D70953 /* GIT_BOXINGTests */,
			);
			name = GIT_BOXINGTests;
			packageProductDependencies = (
			);
			productName = GIT_BOXINGTests;
			productReference = 3A1EB4612D720B9600D70953 /* GIT_BOXINGTests.xctest */;
			productType = "com.apple.product-type.bundle.unit-test";
		};
		3A1EB46A2D720B9600D70953 /* GIT_BOXINGUITests */ = {
			isa = PBXNativeTarget;
			buildConfigurationList = 3A1EB47B2D720B9600D70953 /* Build configuration list for PBXNativeTarget "GIT_BOXINGUITests" */;
			buildPhases = (
				3A1EB4672D720B9600D70953 /* Sources */,
				3A1EB4682D720B9600D70953 /* Frameworks */,
				3A1EB4692D720B9600D70953 /* Resources */,
			);
			buildRules = (
			);
			dependencies = (
				3A1EB46D2D720B9600D70953 /* PBXTargetDependency */,
			);
			fileSystemSynchronizedGroups = (
				3A1EB46E2D720B9600D70953 /* GIT_BOXINGUITests */,
			);
			name = GIT_BOXINGUITests;
			packageProductDependencies = (
			);
			productName = GIT_BOXINGUITests;
			productReference = 3A1EB46B2D720B9600D70953 /* GIT_BOXINGUITests.xctest */;
			productType = "com.apple.product-type.bundle.ui-testing";
		};
/* End PBXNativeTarget section */

/* Begin PBXProject section */
		3A1EB4472D720B9500D70953 /* Project object */ = {
			isa = PBXProject;
			attributes = {
				BuildIndependentTargetsInParallel = 1;
				LastSwiftUpdateCheck = 1620;
				LastUpgradeCheck = 1620;
				TargetAttributes = {
					3A1EB44E2D720B9500D70953 = {
						CreatedOnToolsVersion = 16.2;
					};
					3A1EB4602D720B9600D70953 = {
						CreatedOnToolsVersion = 16.2;
						TestTargetID = 3A1EB44E2D720B9500D70953;
					};
					3A1EB46A2D720B9600D70953 = {
						CreatedOnToolsVersion = 16.2;
						TestTargetID = 3A1EB44E2D720B9500D70953;
					};
				};
			};
			buildConfigurationList = 3A1EB44A2D720B9500D70953 /* Build configuration list for PBXProject "GIT_BOXING" */;
			developmentRegion = en;
			hasScannedForEncodings = 0;
			knownRegions = (
				en,
				Base,
			);
			mainGroup = 3A1EB4462D720B9500D70953;
			minimizedProjectReferenceProxies = 1;
			preferredProjectObjectVersion = 77;
			productRefGroup = 3A1EB4502D720B9500D70953 /* Products */;
			projectDirPath = "";
			projectRoot = "";
			targets = (
				3A1EB44E2D720B9500D70953 /* GIT_BOXING */,
				3A1EB4602D720B9600D70953 /* GIT_BOXINGTests */,
				3A1EB46A2D720B9600D70953 /* GIT_BOXINGUITests */,
			);
		};
/* End PBXProject section */

/* Begin PBXResourcesBuildPhase section */
		3A1EB44D2D720B9500D70953 /* Resources */ = {
			isa = PBXResourcesBuildPhase;
			buildActionMask = 2147483647;
			files = (
			);
			runOnlyForDeploymentPostprocessing = 0;
		};
		3A1EB45F2D720B9600D70953 /* Resources */ = {
			isa = PBXResourcesBuildPhase;
			buildActionMask = 2147483647;
			files = (
			);
			runOnlyForDeploymentPostprocessing = 0;
		};
		3A1EB4692D720B9600D70953 /* Resources */ = {
			isa = PBXResourcesBuildPhase;
			buildActionMask = 2147483647;
			files = (
			);
			runOnlyForDeploymentPostprocessing = 0;
		};
/* End PBXResourcesBuildPhase section */

/* Begin PBXSourcesBuildPhase section */
		3A1EB44B2D720B9500D70953 /* Sources */ = {
			isa = PBXSourcesBuildPhase;
			buildActionMask = 2147483647;
			files = (
			);
			runOnlyForDeploymentPostprocessing = 0;
		};
		3A1EB45D2D720B9600D70953 /* Sources */ = {
			isa = PBXSourcesBuildPhase;
			buildActionMask = 2147483647;
			files = (
			);
			runOnlyForDeploymentPostprocessing = 0;
		};
		3A1EB4672D720B9600D70953 /* Sources */ = {
			isa = PBXSourcesBuildPhase;
			buildActionMask = 2147483647;
			files = (
			);
			runOnlyForDeploymentPostprocessing = 0;
		};
/* End PBXSourcesBuildPhase section */

/* Begin PBXTargetDependency section */
		3A1EB4632D720B9600D70953 /* PBXTargetDependency */ = {
			isa = PBXTargetDependency;
			target = 3A1EB44E2D720B9500D70953 /* GIT_BOXING */;
			targetProxy = 3A1EB4622D720B9600D70953 /* PBXContainerItemProxy */;
		};
		3A1EB46D2D720B9600D70953 /* PBXTargetDependency */ = {
			isa = PBXTargetDependency;
			target = 3A1EB44E2D720B9500D70953 /* GIT_BOXING */;
			targetProxy = 3A1EB46C2D720B9600D70953 /* PBXContainerItemProxy */;
		};
/* End PBXTargetDependency section */

/* Begin XCBuildConfiguration section */
		3A1EB4732D720B9600D70953 /* Debug */ = {
			isa = XCBuildConfiguration;
			buildSettings = {
				ALWAYS_SEARCH_USER_PATHS = NO;
				ASSETCATALOG_COMPILER_GENERATE_SWIFT_ASSET_SYMBOL_EXTENSIONS = YES;
				CLANG_ANALYZER_NONNULL = YES;
				CLANG_ANALYZER_NUMBER_OBJECT_CONVERSION = YES_AGGRESSIVE;
				CLANG_CXX_LANGUAGE_STANDARD = "gnu++20";
				CLANG_ENABLE_MODULES = YES;
				CLANG_ENABLE_OBJC_ARC = YES;
				CLANG_ENABLE_OBJC_WEAK = YES;
				CLANG_WARN_BLOCK_CAPTURE_AUTORELEASING = YES;
				CLANG_WARN_BOOL_CONVERSION = YES;
				CLANG_WARN_COMMA = YES;
				CLANG_WARN_CONSTANT_CONVERSION = YES;
				CLANG_WARN_DEPRECATED_OBJC_IMPLEMENTATIONS = YES;
				CLANG_WARN_DIRECT_OBJC_ISA_USAGE = YES_ERROR;
				CLANG_WARN_DOCUMENTATION_COMMENTS = YES;
				CLANG_WARN_EMPTY_BODY = YES;
				CLANG_WARN_ENUM_CONVERSION = YES;
				CLANG_WARN_INFINITE_RECURSION = YES;
				CLANG_WARN_INT_CONVERSION = YES;
				CLANG_WARN_NON_LITERAL_NULL_CONVERSION = YES;
				CLANG_WARN_OBJC_IMPLICIT_RETAIN_SELF = YES;
				CLANG_WARN_OBJC_LITERAL_CONVERSION = YES;
				CLANG_WARN_OBJC_ROOT_CLASS = YES_ERROR;
				CLANG_WARN_QUOTED_INCLUDE_IN_FRAMEWORK_HEADER = YES;
				CLANG_WARN_RANGE_LOOP_ANALYSIS = YES;
				CLANG_WARN_STRICT_PROTOTYPES = YES;
				CLANG_WARN_SUSPICIOUS_MOVE = YES;
				CLANG_WARN_UNGUARDED_AVAILABILITY = YES_AGGRESSIVE;
				CLANG_WARN_UNREACHABLE_CODE = YES;
				CLANG_WARN__DUPLICATE_METHOD_MATCH = YES;
				COPY_PHASE_STRIP = NO;
				DEBUG_INFORMATION_FORMAT = dwarf;
				ENABLE_STRICT_OBJC_MSGSEND = YES;
				ENABLE_TESTABILITY = YES;
				ENABLE_USER_SCRIPT_SANDBOXING = YES;
				GCC_C_LANGUAGE_STANDARD = gnu17;
				GCC_DYNAMIC_NO_PIC = NO;
				GCC_NO_COMMON_BLOCKS = YES;
				GCC_OPTIMIZATION_LEVEL = 0;
				GCC_PREPROCESSOR_DEFINITIONS = (
					"DEBUG=1",
					"$(inherited)",
				);
				GCC_WARN_64_TO_32_BIT_CONVERSION = YES;
				GCC_WARN_ABOUT_RETURN_TYPE = YES_ERROR;
				GCC_WARN_UNDECLARED_SELECTOR = YES;
				GCC_WARN_UNINITIALIZED_AUTOS = YES_AGGRESSIVE;
				GCC_WARN_UNUSED_FUNCTION = YES;
				GCC_WARN_UNUSED_VARIABLE = YES;
				IPHONEOS_DEPLOYMENT_TARGET = 18.2;
				LOCALIZATION_PREFERS_STRING_CATALOGS = YES;
				MTL_ENABLE_DEBUG_INFO = INCLUDE_SOURCE;
				MTL_FAST_MATH = YES;
				ONLY_ACTIVE_ARCH = YES;
				SDKROOT = iphoneos;
				SWIFT_ACTIVE_COMPILATION_CONDITIONS = "DEBUG $(inherited)";
				SWIFT_OPTIMIZATION_LEVEL = "-Onone";
			};
			name = Debug;
		};
		3A1EB4742D720B9600D70953 /* Release */ = {
			isa = XCBuildConfiguration;
			buildSettings = {
				ALWAYS_SEARCH_USER_PATHS = NO;
				ASSETCATALOG_COMPILER_GENERATE_SWIFT_ASSET_SYMBOL_EXTENSIONS = YES;
				CLANG_ANALYZER_NONNULL = YES;
				CLANG_ANALYZER_NUMBER_OBJECT_CONVERSION = YES_AGGRESSIVE;
				CLANG_CXX_LANGUAGE_STANDARD = "gnu++20";
				CLANG_ENABLE_MODULES = YES;
				CLANG_ENABLE_OBJC_ARC = YES;
				CLANG_ENABLE_OBJC_WEAK = YES;
				CLANG_WARN_BLOCK_CAPTURE_AUTORELEASING = YES;
				CLANG_WARN_BOOL_CONVERSION = YES;
				CLANG_WARN_COMMA = YES;
				CLANG_WARN_CONSTANT_CONVERSION = YES;
				CLANG_WARN_DEPRECATED_OBJC_IMPLEMENTATIONS = YES;
				CLANG_WARN_DIRECT_OBJC_ISA_USAGE = YES_ERROR;
				CLANG_WARN_DOCUMENTATION_COMMENTS = YES;
				CLANG_WARN_EMPTY_BODY = YES;
				CLANG_WARN_ENUM_CONVERSION = YES;
				CLANG_WARN_INFINITE_RECURSION = YES;
				CLANG_WARN_INT_CONVERSION = YES;
				CLANG_WARN_NON_LITERAL_NULL_CONVERSION = YES;
				CLANG_WARN_OBJC_IMPLICIT_RETAIN_SELF = YES;
				CLANG_WARN_OBJC_LITERAL_CONVERSION = YES;
				CLANG_WARN_OBJC_ROOT_CLASS = YES_ERROR;
				CLANG_WARN_QUOTED_INCLUDE_IN_FRAMEWORK_HEADER = YES;
				CLANG_WARN_RANGE_LOOP_ANALYSIS = YES;
				CLANG_WARN_STRICT_PROTOTYPES = YES;
				CLANG_WARN_SUSPICIOUS_MOVE = YES;
				CLANG_WARN_UNGUARDED_AVAILABILITY = YES_AGGRESSIVE;
				CLANG_WARN_UNREACHABLE_CODE = YES;
				CLANG_WARN__DUPLICATE_METHOD_MATCH = YES;
				COPY_PHASE_STRIP = NO;
				DEBUG_INFORMATION_FORMAT = "dwarf-with-dsym";
				ENABLE_NS_ASSERTIONS = NO;
				ENABLE_STRICT_OBJC_MSGSEND = YES;
				ENABLE_USER_SCRIPT_SANDBOXING = YES;
				GCC_C_LANGUAGE_STANDARD = gnu17;
				GCC_NO_COMMON_BLOCKS = YES;
				GCC_WARN_64_TO_32_BIT_CONVERSION = YES;
				GCC_WARN_ABOUT_RETURN_TYPE = YES_ERROR;
				GCC_WARN_UNDECLARED_SELECTOR = YES;
				GCC_WARN_UNINITIALIZED_AUTOS = YES_AGGRESSIVE;
				GCC_WARN_UNUSED_FUNCTION = YES;
				GCC_WARN_UNUSED_VARIABLE = YES;
				IPHONEOS_DEPLOYMENT_TARGET = 18.2;
				LOCALIZATION_PREFERS_STRING_CATALOGS = YES;
				MTL_ENABLE_DEBUG_INFO = NO;
				MTL_FAST_MATH = YES;
				SDKROOT = iphoneos;
				SWIFT_COMPILATION_MODE = wholemodule;
				VALIDATE_PRODUCT = YES;
			};
			name = Release;
		};
		3A1EB4762D720B9600D70953 /* Debug */ = {
			isa = XCBuildConfiguration;
			buildSettings = {
				ASSETCATALOG_COMPILER_APPICON_NAME = AppIcon;
				ASSETCATALOG_COMPILER_GLOBAL_ACCENT_COLOR_NAME = AccentColor;
				CODE_SIGN_STYLE = Automatic;
				CURRENT_PROJECT_VERSION = 1;
				DEVELOPMENT_ASSET_PATHS = "\"GIT_BOXING/Preview Content\"";
				DEVELOPMENT_TEAM = XTH7796ZRQ;
				ENABLE_PREVIEWS = YES;
				GENERATE_INFOPLIST_FILE = YES;
				INFOPLIST_KEY_UIApplicationSceneManifest_Generation = YES;
				INFOPLIST_KEY_UIApplicationSupportsIndirectInputEvents = YES;
				INFOPLIST_KEY_UILaunchScreen_Generation = YES;
				INFOPLIST_KEY_UISupportedInterfaceOrientations_iPad = "UIInterfaceOrientationPortrait UIInterfaceOrientationPortraitUpsideDown UIInterfaceOrientationLandscapeLeft UIInterfaceOrientationLandscapeRight";
				INFOPLIST_KEY_UISupportedInterfaceOrientations_iPhone = "UIInterfaceOrientationPortrait UIInterfaceOrientationLandscapeLeft UIInterfaceOrientationLandscapeRight";
				LD_RUNPATH_SEARCH_PATHS = (
					"$(inherited)",
					"@executable_path/Frameworks",
				);
				MARKETING_VERSION = 1.0;
				PRODUCT_BUNDLE_IDENTIFIER = "com.DariuszTopolski.GIT-BOXING";
				PRODUCT_NAME = "$(TARGET_NAME)";
				SWIFT_EMIT_LOC_STRINGS = YES;
				SWIFT_VERSION = 5.0;
				TARGETED_DEVICE_FAMILY = "1,2";
			};
			name = Debug;
		};
		3A1EB4772D720B9600D70953 /* Release */ = {
			isa = XCBuildConfiguration;
			buildSettings = {
				ASSETCATALOG_COMPILER_APPICON_NAME = AppIcon;
				ASSETCATALOG_COMPILER_GLOBAL_ACCENT_COLOR_NAME = AccentColor;
				CODE_SIGN_STYLE = Automatic;
				CURRENT_PROJECT_VERSION = 1;
				DEVELOPMENT_ASSET_PATHS = "\"GIT_BOXING/Preview Content\"";
				DEVELOPMENT_TEAM = XTH7796ZRQ;
				ENABLE_PREVIEWS = YES;
				GENERATE_INFOPLIST_FILE = YES;
				INFOPLIST_KEY_UIApplicationSceneManifest_Generation = YES;
				INFOPLIST_KEY_UIApplicationSupportsIndirectInputEvents = YES;
				INFOPLIST_KEY_UILaunchScreen_Generation = YES;
				INFOPLIST_KEY_UISupportedInterfaceOrientations_iPad = "UIInterfaceOrientationPortrait UIInterfaceOrientationPortraitUpsideDown UIInterfaceOrientationLandscapeLeft UIInterfaceOrientationLandscapeRight";
				INFOPLIST_KEY_UISupportedInterfaceOrientations_iPhone = "UIInterfaceOrientationPortrait UIInterfaceOrientationLandscapeLeft UIInterfaceOrientationLandscapeRight";
				LD_RUNPATH_SEARCH_PATHS = (
					"$(inherited)",
					"@executable_path/Frameworks",
				);
				MARKETING_VERSION = 1.0;
				PRODUCT_BUNDLE_IDENTIFIER = "com.DariuszTopolski.GIT-BOXING";
				PRODUCT_NAME = "$(TARGET_NAME)";
				SWIFT_EMIT_LOC_STRINGS = YES;
				SWIFT_VERSION = 5.0;
				TARGETED_DEVICE_FAMILY = "1,2";
			};
			name = Release;
		};
		3A1EB4792D720B9600D70953 /* Debug */ = {
			isa = XCBuildConfiguration;
			buildSettings = {
				BUNDLE_LOADER = "$(TEST_HOST)";
				CODE_SIGN_STYLE = Automatic;
				CURRENT_PROJECT_VERSION = 1;
				DEVELOPMENT_TEAM = XTH7796ZRQ;
				GENERATE_INFOPLIST_FILE = YES;
				IPHONEOS_DEPLOYMENT_TARGET = 18.2;
				MARKETING_VERSION = 1.0;
				PRODUCT_BUNDLE_IDENTIFIER = "com.DariuszTopolski.GIT-BOXINGTests";
				PRODUCT_NAME = "$(TARGET_NAME)";
				SWIFT_EMIT_LOC_STRINGS = NO;
				SWIFT_VERSION = 5.0;
				TARGETED_DEVICE_FAMILY = "1,2";
				TEST_HOST = "$(BUILT_PRODUCTS_DIR)/GIT_BOXING.app/$(BUNDLE_EXECUTABLE_FOLDER_PATH)/GIT_BOXING";
			};
			name = Debug;
		};
		3A1EB47A2D720B9600D70953 /* Release */ = {
			isa = XCBuildConfiguration;
			buildSettings = {
				BUNDLE_LOADER = "$(TEST_HOST)";
				CODE_SIGN_STYLE = Automatic;
				CURRENT_PROJECT_VERSION = 1;
				DEVELOPMENT_TEAM = XTH7796ZRQ;
				GENERATE_INFOPLIST_FILE = YES;
				IPHONEOS_DEPLOYMENT_TARGET = 18.2;
				MARKETING_VERSION = 1.0;
				PRODUCT_BUNDLE_IDENTIFIER = "com.DariuszTopolski.GIT-BOXINGTests";
				PRODUCT_NAME = "$(TARGET_NAME)";
				SWIFT_EMIT_LOC_STRINGS = NO;
				SWIFT_VERSION = 5.0;
				TARGETED_DEVICE_FAMILY = "1,2";
				TEST_HOST = "$(BUILT_PRODUCTS_DIR)/GIT_BOXING.app/$(BUNDLE_EXECUTABLE_FOLDER_PATH)/GIT_BOXING";
			};
			name = Release;
		};
		3A1EB47C2D720B9600D70953 /* Debug */ = {
			isa = XCBuildConfiguration;
			buildSettings = {
				CODE_SIGN_STYLE = Automatic;
				CURRENT_PROJECT_VERSION = 1;
				DEVELOPMENT_TEAM = XTH7796ZRQ;
				GENERATE_INFOPLIST_FILE = YES;
				MARKETING_VERSION = 1.0;
				PRODUCT_BUNDLE_IDENTIFIER = "com.DariuszTopolski.GIT-BOXINGUITests";
				PRODUCT_NAME = "$(TARGET_NAME)";
				SWIFT_EMIT_LOC_STRINGS = NO;
				SWIFT_VERSION = 5.0;
				TARGETED_DEVICE_FAMILY = "1,2";
				TEST_TARGET_NAME = GIT_BOXING;
			};
			name = Debug;
		};
		3A1EB47D2D720B9600D70953 /* Release */ = {
			isa = XCBuildConfiguration;
			buildSettings = {
				CODE_SIGN_STYLE = Automatic;
				CURRENT_PROJECT_VERSION = 1;
				DEVELOPMENT_TEAM = XTH7796ZRQ;
				GENERATE_INFOPLIST_FILE = YES;
				MARKETING_VERSION = 1.0;
				PRODUCT_BUNDLE_IDENTIFIER = "com.DariuszTopolski.GIT-BOXINGUITests";
				PRODUCT_NAME = "$(TARGET_NAME)";
				SWIFT_EMIT_LOC_STRINGS = NO;
				SWIFT_VERSION = 5.0;
				TARGETED_DEVICE_FAMILY = "1,2";
				TEST_TARGET_NAME = GIT_BOXING;
			};
			name = Release;
		};
/* End XCBuildConfiguration section */

/* Begin XCConfigurationList section */
		3A1EB44A2D720B9500D70953 /* Build configuration list for PBXProject "GIT_BOXING" */ = {
			isa = XCConfigurationList;
			buildConfigurations = (
				3A1EB4732D720B9600D70953 /* Debug */,
				3A1EB4742D720B9600D70953 /* Release */,
			);
			defaultConfigurationIsVisible = 0;
			defaultConfigurationName = Release;
		};
		3A1EB4752D720B9600D70953 /* Build configuration list for PBXNativeTarget "GIT_BOXING" */ = {
			isa = XCConfigurationList;
			buildConfigurations = (
				3A1EB4762D720B9600D70953 /* Debug */,
				3A1EB4772D720B9600D70953 /* Release */,
			);
			defaultConfigurationIsVisible = 0;
			defaultConfigurationName = Release;
		};
		3A1EB4782D720B9600D70953 /* Build configuration list for PBXNativeTarget "GIT_BOXINGTests" */ = {
			isa = XCConfigurationList;
			buildConfigurations = (
				3A1EB4792D720B9600D70953 /* Debug */,
				3A1EB47A2D720B9600D70953 /* Release */,
			);
			defaultConfigurationIsVisible = 0;
			defaultConfigurationName = Release;
		};
		3A1EB47B2D720B9600D70953 /* Build configuration list for PBXNativeTarget "GIT_BOXINGUITests" */ = {
			isa = XCConfigurationList;
			buildConfigurations = (
				3A1EB47C2D720B9600D70953 /* Debug */,
				3A1EB47D2D720B9600D70953 /* Release */,
			);
			defaultConfigurationIsVisible = 0;
			defaultConfigurationName = Release;
		};
/* End XCConfigurationList section */
	};
	rootObject = 3A1EB4472D720B9500D70953 /* Project object */;
}
